
Microsoft Visual Studio Solution File, Format Version 12.00
# Visual Studio Version 17
VisualStudioVersion = 17.3.32929.385
MinimumVisualStudioVersion = 10.0.40219.1
Project("{C7167F0D-BC9F-4E6E-AFE1-012C56B48DB5}") = "fonestarpoc.Package", "fonestarpoc.Package\fonestarpoc.Package.wapproj", "{D4F2703D-660D-4FF5-90EA-1EB338660155}"
EndProject
Project("{8BC9CEB8-8B4A-11D0-8D11-00A0C91BC942}") = "fonestarpoc", "fonestarpoc\fonestarpoc.vcxproj", "{ED76CF8C-2A53-48D8-A33C-C3560CEC9102}"
EndProject
Project("{8BC9CEB8-8B4A-11D0-8D11-00A0C91BC942}") = "RNSVG", "..\node_modules\react-native-svg\windows\RNSVG\RNSVG.vcxproj", "{7ACF84EC-EFBA-4043-8E14-40B159508902}"
EndProject
Global
	GlobalSection(SolutionConfigurationPlatforms) = preSolution
		Debug|x64 = Debug|x64
		Debug|x86 = Debug|x86
		Debug|ARM64 = Debug|ARM64
		Release|x64 = Release|x64
		Release|x86 = Release|x86
		Release|ARM64 = Release|ARM64
	EndGlobalSection
	GlobalSection(ProjectConfigurationPlatforms) = postSolution
		{D4F2703D-660D-4FF5-90EA-1EB338660155}.Debug|x64.ActiveCfg = Debug|x64
		{D4F2703D-660D-4FF5-90EA-1EB338660155}.Debug|x64.Build.0 = Debug|x64
		{D4F2703D-660D-4FF5-90EA-1EB338660155}.Debug|x64.Deploy.0 = Debug|x64
		{D4F2703D-660D-4FF5-90EA-1EB338660155}.Debug|x86.ActiveCfg = Debug|x86
		{D4F2703D-660D-4FF5-90EA-1EB338660155}.Debug|x86.Build.0 = Debug|x86
		{D4F2703D-660D-4FF5-90EA-1EB338660155}.Debug|x86.Deploy.0 = Debug|x86
		{D4F2703D-660D-4FF5-90EA-1EB338660155}.Debug|ARM64.ActiveCfg = Debug|ARM64
		{D4F2703D-660D-4FF5-90EA-1EB338660155}.Debug|ARM64.Build.0 = Debug|ARM64
		{D4F2703D-660D-4FF5-90EA-1EB338660155}.Debug|ARM64.Deploy.0 = Debug|ARM64
		{D4F2703D-660D-4FF5-90EA-1EB338660155}.Release|x64.ActiveCfg = Release|x64
		{D4F2703D-660D-4FF5-90EA-1EB338660155}.Release|x64.Build.0 = Release|x64
		{D4F2703D-660D-4FF5-90EA-1EB338660155}.Release|x64.Deploy.0 = Release|x64
		{D4F2703D-660D-4FF5-90EA-1EB338660155}.Release|x86.ActiveCfg = Release|x86
		{D4F2703D-660D-4FF5-90EA-1EB338660155}.Release|x86.Build.0 = Release|x86
		{D4F2703D-660D-4FF5-90EA-1EB338660155}.Release|x86.Deploy.0 = Release|x86
		{D4F2703D-660D-4FF5-90EA-1EB338660155}.Release|ARM64.ActiveCfg = Release|ARM64
		{D4F2703D-660D-4FF5-90EA-1EB338660155}.Release|ARM64.Build.0 = Release|ARM64
		{D4F2703D-660D-4FF5-90EA-1EB338660155}.Release|ARM64.Deploy.0 = Release|ARM64
		{ED76CF8C-2A53-48D8-A33C-C3560CEC9102}.Debug|x64.ActiveCfg = Debug|x64
		{ED76CF8C-2A53-48D8-A33C-C3560CEC9102}.Debug|x64.Build.0 = Debug|x64
		{ED76CF8C-2A53-48D8-A33C-C3560CEC9102}.Debug|x64.Deploy.0 = Debug|x64
		{ED76CF8C-2A53-48D8-A33C-C3560CEC9102}.Debug|x86.ActiveCfg = Debug|Win32
		{ED76CF8C-2A53-48D8-A33C-C3560CEC9102}.Debug|x86.Build.0 = Debug|Win32
		{ED76CF8C-2A53-48D8-A33C-C3560CEC9102}.Debug|x86.Deploy.0 = Debug|Win32
		{ED76CF8C-2A53-48D8-A33C-C3560CEC9102}.Debug|ARM64.ActiveCfg = Debug|ARM64
		{ED76CF8C-2A53-48D8-A33C-C3560CEC9102}.Debug|ARM64.Build.0 = Debug|ARM64
		{ED76CF8C-2A53-48D8-A33C-C3560CEC9102}.Debug|ARM64.Deploy.0 = Debug|ARM64
		{ED76CF8C-2A53-48D8-A33C-C3560CEC9102}.Release|x64.ActiveCfg = Release|x64
		{ED76CF8C-2A53-48D8-A33C-C3560CEC9102}.Release|x64.Build.0 = Release|x64
		{ED76CF8C-2A53-48D8-A33C-C3560CEC9102}.Release|x64.Deploy.0 = Release|x64
		{ED76CF8C-2A53-48D8-A33C-C3560CEC9102}.Release|x86.ActiveCfg = Release|Win32
		{ED76CF8C-2A53-48D8-A33C-C3560CEC9102}.Release|x86.Build.0 = Release|Win32
		{ED76CF8C-2A53-48D8-A33C-C3560CEC9102}.Release|x86.Deploy.0 = Release|Win32
		{ED76CF8C-2A53-48D8-A33C-C3560CEC9102}.Release|ARM64.ActiveCfg = Release|ARM64
		{ED76CF8C-2A53-48D8-A33C-C3560CEC9102}.Release|ARM64.Build.0 = Release|ARM64
		{ED76CF8C-2A53-48D8-A33C-C3560CEC9102}.Release|ARM64.Deploy.0 = Release|ARM64
		{7ACF84EC-EFBA-4043-8E14-40B159508902}.Debug|x64.ActiveCfg = Debug|x64
		{7ACF84EC-EFBA-4043-8E14-40B159508902}.Debug|x64.Build.0 = Debug|x64
		{7ACF84EC-EFBA-4043-8E14-40B159508902}.Debug|x86.ActiveCfg = Debug|Win32
		{7ACF84EC-EFBA-4043-8E14-40B159508902}.Debug|x86.Build.0 = Debug|Win32
		{7ACF84EC-EFBA-4043-8E14-40B159508902}.Debug|ARM64.ActiveCfg = Debug|ARM64
		{7ACF84EC-EFBA-4043-8E14-40B159508902}.Debug|ARM64.Build.0 = Debug|ARM64
		{7ACF84EC-EFBA-4043-8E14-40B159508902}.Release|x64.ActiveCfg = Release|x64
		{7ACF84EC-EFBA-4043-8E14-40B159508902}.Release|x64.Build.0 = Release|x64
		{7ACF84EC-EFBA-4043-8E14-40B159508902}.Release|x86.ActiveCfg = Release|Win32
		{7ACF84EC-EFBA-4043-8E14-40B159508902}.Release|x86.Build.0 = Release|Win32
		{7ACF84EC-EFBA-4043-8E14-40B159508902}.Release|ARM64.ActiveCfg = Release|ARM64
		{7ACF84EC-EFBA-4043-8E14-40B159508902}.Release|ARM64.Build.0 = Release|ARM64
	EndGlobalSection
	GlobalSection(SolutionProperties) = preSolution
		HideSolutionNode = FALSE
	EndGlobalSection
	GlobalSection(ExtensibilityGlobals) = postSolution
		SolutionGuid = {D43FAD39-F619-437D-BB40-04A3982ACB6A}
	EndGlobalSection
EndGlobal
